
Microsoft Visual Studio Solution File, Format Version 12.00
# Visual Studio Version 17
VisualStudioVersion = 17.5.002.0
MinimumVisualStudioVersion = 10.0.40219.1
Project("{9A19103F-16F7-4668-BE54-9A1E7A4F7556}") = "SearchService", "SearchService.csproj", "{C1BC5989-3268-4C81-860C-C32FE4A9C47B}"
EndProject
Global
	GlobalSection(SolutionConfigurationPlatforms) = preSolution
		Debug|Any CPU = Debug|Any CPU
		Release|Any CPU = Release|Any CPU
	EndGlobalSection
	GlobalSection(ProjectConfigurationPlatforms) = postSolution
		{C1BC5989-3268-4C81-860C-C32FE4A9C47B}.Debug|Any CPU.ActiveCfg = Debug|Any CPU
		{C1BC5989-3268-4C81-860C-C32FE4A9C47B}.Debug|Any CPU.Build.0 = Debug|Any CPU
		{C1BC5989-3268-4C81-860C-C32FE4A9C47B}.Release|Any CPU.ActiveCfg = Release|Any CPU
		{C1BC5989-3268-4C81-860C-C32FE4A9C47B}.Release|Any CPU.Build.0 = Release|Any CPU
	EndGlobalSection
	GlobalSection(SolutionProperties) = preSolution
		HideSolutionNode = FALSE
	EndGlobalSection
	GlobalSection(ExtensibilityGlobals) = postSolution
		SolutionGuid = {F0E1CDCC-09DF-4CAB-B6DD-694F03289EB1}
	EndGlobalSection
EndGlobal
