
Microsoft Visual Studio Solution File, Format Version 12.00
# Visual Studio Version 17
VisualStudioVersion = 17.0.31903.59
MinimumVisualStudioVersion = 10.0.40219.1
Project("{2150E333-8FDC-42A3-9474-1A3956D46DE8}") = "src", "src", "{AC942C9B-CB02-4194-A95B-D505825CF125}"
EndProject
Project("{9A19103F-16F7-4668-BE54-9A1E7A4F7556}") = "AuctionService", "src\AuctionService\AuctionService.csproj", "{C7EFB87B-DFA9-4327-8FE7-2CF18ACB891A}"
EndProject
Project("{9A19103F-16F7-4668-BE54-9A1E7A4F7556}") = "SearchService", "src\SearchService\SearchService.csproj", "{BA06ECA1-BC19-4737-87F4-3E3317BAB953}"
EndProject
Project("{9A19103F-16F7-4668-BE54-9A1E7A4F7556}") = "IdentityService", "src\IdentityService\IdentityService.csproj", "{A067E8DC-5AB4-4292-A6FD-23A6C7DB8D00}"
EndProject
Project("{9A19103F-16F7-4668-BE54-9A1E7A4F7556}") = "Contracts", "src\Contracts\Contracts.csproj", "{59AACFC9-2A1D-4FE6-B13B-9069B7745201}"
EndProject
Project("{9A19103F-16F7-4668-BE54-9A1E7A4F7556}") = "GatewayService", "src\GatewayService\GatewayService.csproj", "{92F33DB5-090F-461F-B4D4-B645A33D9EFC}"
EndProject
Project("{2150E333-8FDC-42A3-9474-1A3956D46DE8}") = "tests", "tests", "{96B27464-A294-43AC-90D6-8312A5D1E011}"
EndProject
Project("{9A19103F-16F7-4668-BE54-9A1E7A4F7556}") = "AuctionService.UnitTests", "tests\AuctionService.UnitTests\AuctionService.UnitTests.csproj", "{712D0427-72F9-4C26-8726-A1769C502652}"
EndProject
Project("{FAE04EC0-301F-11D3-BF4B-00C04F79EFBC}") = "BiddingService", "src\BiddingService\BiddingService.csproj", "{8DF5FBE5-84E3-4528-AB87-199DAE3847C4}"
EndProject
Global
	GlobalSection(SolutionConfigurationPlatforms) = preSolution
		Debug|Any CPU = Debug|Any CPU
		Release|Any CPU = Release|Any CPU
	EndGlobalSection
	GlobalSection(ProjectConfigurationPlatforms) = postSolution
		{C7EFB87B-DFA9-4327-8FE7-2CF18ACB891A}.Debug|Any CPU.ActiveCfg = Debug|Any CPU
		{C7EFB87B-DFA9-4327-8FE7-2CF18ACB891A}.Debug|Any CPU.Build.0 = Debug|Any CPU
		{C7EFB87B-DFA9-4327-8FE7-2CF18ACB891A}.Release|Any CPU.ActiveCfg = Release|Any CPU
		{C7EFB87B-DFA9-4327-8FE7-2CF18ACB891A}.Release|Any CPU.Build.0 = Release|Any CPU
		{BA06ECA1-BC19-4737-87F4-3E3317BAB953}.Debug|Any CPU.ActiveCfg = Debug|Any CPU
		{BA06ECA1-BC19-4737-87F4-3E3317BAB953}.Debug|Any CPU.Build.0 = Debug|Any CPU
		{BA06ECA1-BC19-4737-87F4-3E3317BAB953}.Release|Any CPU.ActiveCfg = Release|Any CPU
		{BA06ECA1-BC19-4737-87F4-3E3317BAB953}.Release|Any CPU.Build.0 = Release|Any CPU
		{A067E8DC-5AB4-4292-A6FD-23A6C7DB8D00}.Debug|Any CPU.ActiveCfg = Debug|Any CPU
		{A067E8DC-5AB4-4292-A6FD-23A6C7DB8D00}.Debug|Any CPU.Build.0 = Debug|Any CPU
		{A067E8DC-5AB4-4292-A6FD-23A6C7DB8D00}.Release|Any CPU.ActiveCfg = Release|Any CPU
		{A067E8DC-5AB4-4292-A6FD-23A6C7DB8D00}.Release|Any CPU.Build.0 = Release|Any CPU
		{59AACFC9-2A1D-4FE6-B13B-9069B7745201}.Debug|Any CPU.ActiveCfg = Debug|Any CPU
		{59AACFC9-2A1D-4FE6-B13B-9069B7745201}.Debug|Any CPU.Build.0 = Debug|Any CPU
		{59AACFC9-2A1D-4FE6-B13B-9069B7745201}.Release|Any CPU.ActiveCfg = Release|Any CPU
		{59AACFC9-2A1D-4FE6-B13B-9069B7745201}.Release|Any CPU.Build.0 = Release|Any CPU
		{92F33DB5-090F-461F-B4D4-B645A33D9EFC}.Debug|Any CPU.ActiveCfg = Debug|Any CPU
		{92F33DB5-090F-461F-B4D4-B645A33D9EFC}.Debug|Any CPU.Build.0 = Debug|Any CPU
		{92F33DB5-090F-461F-B4D4-B645A33D9EFC}.Release|Any CPU.ActiveCfg = Release|Any CPU
		{92F33DB5-090F-461F-B4D4-B645A33D9EFC}.Release|Any CPU.Build.0 = Release|Any CPU
		{712D0427-72F9-4C26-8726-A1769C502652}.Debug|Any CPU.ActiveCfg = Debug|Any CPU
		{712D0427-72F9-4C26-8726-A1769C502652}.Debug|Any CPU.Build.0 = Debug|Any CPU
		{712D0427-72F9-4C26-8726-A1769C502652}.Release|Any CPU.ActiveCfg = Release|Any CPU
		{712D0427-72F9-4C26-8726-A1769C502652}.Release|Any CPU.Build.0 = Release|Any CPU
		{8DF5FBE5-84E3-4528-AB87-199DAE3847C4}.Debug|Any CPU.ActiveCfg = Debug|Any CPU
		{8DF5FBE5-84E3-4528-AB87-199DAE3847C4}.Debug|Any CPU.Build.0 = Debug|Any CPU
		{8DF5FBE5-84E3-4528-AB87-199DAE3847C4}.Release|Any CPU.ActiveCfg = Release|Any CPU
		{8DF5FBE5-84E3-4528-AB87-199DAE3847C4}.Release|Any CPU.Build.0 = Release|Any CPU
	EndGlobalSection
	GlobalSection(SolutionProperties) = preSolution
		HideSolutionNode = FALSE
	EndGlobalSection
	GlobalSection(NestedProjects) = preSolution
		{C7EFB87B-DFA9-4327-8FE7-2CF18ACB891A} = {AC942C9B-CB02-4194-A95B-D505825CF125}
		{BA06ECA1-BC19-4737-87F4-3E3317BAB953} = {AC942C9B-CB02-4194-A95B-D505825CF125}
		{A067E8DC-5AB4-4292-A6FD-23A6C7DB8D00} = {AC942C9B-CB02-4194-A95B-D505825CF125}
		{59AACFC9-2A1D-4FE6-B13B-9069B7745201} = {AC942C9B-CB02-4194-A95B-D505825CF125}
		{92F33DB5-090F-461F-B4D4-B645A33D9EFC} = {AC942C9B-CB02-4194-A95B-D505825CF125}
		{712D0427-72F9-4C26-8726-A1769C502652} = {96B27464-A294-43AC-90D6-8312A5D1E011}
		{8DF5FBE5-84E3-4528-AB87-199DAE3847C4} = {AC942C9B-CB02-4194-A95B-D505825CF125}
	EndGlobalSection
EndGlobal
