
Microsoft Visual Studio Solution File, Format Version 12.00
# Visual Studio Version 17
VisualStudioVersion = 17.5.002.0
MinimumVisualStudioVersion = 10.0.40219.1
Project("{9A19103F-16F7-4668-BE54-9A1E7A4F7556}") = "AuctionService", "AuctionService\AuctionService.csproj", "{7A9C81FB-A214-4C2D-82D5-ED5628D73905}"
EndProject
Project("{9A19103F-16F7-4668-BE54-9A1E7A4F7556}") = "SearchService", "SearchService\SearchService.csproj", "{BE8157D1-3CC3-4E0D-A107-D5D9383F67C7}"
EndProject
Global
	GlobalSection(SolutionConfigurationPlatforms) = preSolution
		Debug|Any CPU = Debug|Any CPU
		Release|Any CPU = Release|Any CPU
	EndGlobalSection
	GlobalSection(ProjectConfigurationPlatforms) = postSolution
		{7A9C81FB-A214-4C2D-82D5-ED5628D73905}.Debug|Any CPU.ActiveCfg = Debug|Any CPU
		{7A9C81FB-A214-4C2D-82D5-ED5628D73905}.Debug|Any CPU.Build.0 = Debug|Any CPU
		{7A9C81FB-A214-4C2D-82D5-ED5628D73905}.Release|Any CPU.ActiveCfg = Release|Any CPU
		{7A9C81FB-A214-4C2D-82D5-ED5628D73905}.Release|Any CPU.Build.0 = Release|Any CPU
		{BE8157D1-3CC3-4E0D-A107-D5D9383F67C7}.Debug|Any CPU.ActiveCfg = Debug|Any CPU
		{BE8157D1-3CC3-4E0D-A107-D5D9383F67C7}.Debug|Any CPU.Build.0 = Debug|Any CPU
		{BE8157D1-3CC3-4E0D-A107-D5D9383F67C7}.Release|Any CPU.ActiveCfg = Release|Any CPU
		{BE8157D1-3CC3-4E0D-A107-D5D9383F67C7}.Release|Any CPU.Build.0 = Release|Any CPU
	EndGlobalSection
	GlobalSection(SolutionProperties) = preSolution
		HideSolutionNode = FALSE
	EndGlobalSection
	GlobalSection(ExtensibilityGlobals) = postSolution
		SolutionGuid = {716B52F3-47C5-44FB-9E4B-59153214EA52}
	EndGlobalSection
EndGlobal
